
Microsoft Visual Studio Solution File, Format Version 12.00
# Visual Studio Version 16
VisualStudioVersion = 16.0.30011.22
MinimumVisualStudioVersion = 10.0.40219.1
Project("{FAE04EC0-301F-11D3-BF4B-00C04F79EFBC}") = "CarWorkshop", "CarWorkshop.csproj", "{33DAC4BC-328D-402F-BF60-8203FD74F1AA}"
EndProject
Project("{FAE04EC0-301F-11D3-BF4B-00C04F79EFBC}") = "CarWorkshopDomain", "..\CarWorkshopDomain\CarWorkshopDomain.csproj", "{149220E9-E53E-4B9F-BE60-82E645BF266A}"
EndProject
Project("{FAE04EC0-301F-11D3-BF4B-00C04F79EFBC}") = "CarWorkShop.Infrastucture", "..\CarWorkShop.Infrastucture\CarWorkShop.Infrastucture.csproj", "{9A4CAEBD-99C4-4B05-95AF-8D8665B6534D}"
EndProject
Global
	GlobalSection(SolutionConfigurationPlatforms) = preSolution
		Debug|Any CPU = Debug|Any CPU
		Release|Any CPU = Release|Any CPU
	EndGlobalSection
	GlobalSection(ProjectConfigurationPlatforms) = postSolution
		{33DAC4BC-328D-402F-BF60-8203FD74F1AA}.Debug|Any CPU.ActiveCfg = Debug|Any CPU
		{33DAC4BC-328D-402F-BF60-8203FD74F1AA}.Debug|Any CPU.Build.0 = Debug|Any CPU
		{33DAC4BC-328D-402F-BF60-8203FD74F1AA}.Release|Any CPU.ActiveCfg = Release|Any CPU
		{33DAC4BC-328D-402F-BF60-8203FD74F1AA}.Release|Any CPU.Build.0 = Release|Any CPU
		{149220E9-E53E-4B9F-BE60-82E645BF266A}.Debug|Any CPU.ActiveCfg = Debug|Any CPU
		{149220E9-E53E-4B9F-BE60-82E645BF266A}.Debug|Any CPU.Build.0 = Debug|Any CPU
		{149220E9-E53E-4B9F-BE60-82E645BF266A}.Release|Any CPU.ActiveCfg = Release|Any CPU
		{149220E9-E53E-4B9F-BE60-82E645BF266A}.Release|Any CPU.Build.0 = Release|Any CPU
		{9A4CAEBD-99C4-4B05-95AF-8D8665B6534D}.Debug|Any CPU.ActiveCfg = Debug|Any CPU
		{9A4CAEBD-99C4-4B05-95AF-8D8665B6534D}.Debug|Any CPU.Build.0 = Debug|Any CPU
		{9A4CAEBD-99C4-4B05-95AF-8D8665B6534D}.Release|Any CPU.ActiveCfg = Release|Any CPU
		{9A4CAEBD-99C4-4B05-95AF-8D8665B6534D}.Release|Any CPU.Build.0 = Release|Any CPU
	EndGlobalSection
	GlobalSection(SolutionProperties) = preSolution
		HideSolutionNode = FALSE
	EndGlobalSection
	GlobalSection(ExtensibilityGlobals) = postSolution
		SolutionGuid = {48ACEF15-60E7-443F-99A9-061C5FC25AAB}
	EndGlobalSection
EndGlobal
